
Microsoft Visual Studio Solution File, Format Version 12.00
# Visual Studio Version 17
VisualStudioVersion = 17.14.37111.16 d17.14
MinimumVisualStudioVersion = 10.0.40219.1
Project("{FAE04EC0-301F-11D3-BF4B-00C04F79EFBC}") = "DoAnNhom(GameRan)", "DoAnNhom(GameRan)\DoAnNhom(GameRan).csproj", "{EDB1736D-CD80-4A4C-B029-FBD8F15C86B5}"
EndProject
Global
	GlobalSection(SolutionConfigurationPlatforms) = preSolution
		Debug|Any CPU = Debug|Any CPU
		Release|Any CPU = Release|Any CPU
	EndGlobalSection
	GlobalSection(ProjectConfigurationPlatforms) = postSolution
		{EDB1736D-CD80-4A4C-B029-FBD8F15C86B5}.Debug|Any CPU.ActiveCfg = Debug|Any CPU
		{EDB1736D-CD80-4A4C-B029-FBD8F15C86B5}.Debug|Any CPU.Build.0 = Debug|Any CPU
		{EDB1736D-CD80-4A4C-B029-FBD8F15C86B5}.Release|Any CPU.ActiveCfg = Release|Any CPU
		{EDB1736D-CD80-4A4C-B029-FBD8F15C86B5}.Release|Any CPU.Build.0 = Release|Any CPU
	EndGlobalSection
	GlobalSection(SolutionProperties) = preSolution
		HideSolutionNode = FALSE
	EndGlobalSection
	GlobalSection(ExtensibilityGlobals) = postSolution
		SolutionGuid = {1B5F9A48-E1A1-49E5-AD4A-A441DA140E7D}
	EndGlobalSection
EndGlobal
